{
  "name": "string-revers",
  "version": "1.0.0",
  "lockfileVersion": 3,
  "requires": true,
  "packages": {
    "": {
      "name": "string-revers",
      "version": "1.0.0",
      "license": "ISC",
      "dependencies": {
        "string-revers": "^1.0.0"
      }
    },
    "node_modules/string-revers": {
      "version": "1.0.0",
      "resolved": "https://registry.npmjs.org/string-revers/-/string-revers-1.0.0.tgz",
      "integrity": "sha512-Qo3Y/yULwUUtThu/G+FNyMCNW/jaeWDTq7gJ1w8sE9xEzEkxn2sdR5M7zDzYpuaARbYVDcAyqN8J42YFcFeCuQ=="
    }
  }
}
